// !$*UTF8*$!
{
	archiveVersion = 1;
	classes = {
	};
	objectVersion = 46;
	objects = {

/* Begin PBXBuildFile section */
		E5175C2B1A1AC66C00B72C9C /* main.m in Sources */ = {isa = PBXBuildFile; fileRef = E5175C2A1A1AC66C00B72C9C /* main.m */; };
		E5175C2E1A1AC66C00B72C9C /* AppDelegate.m in Sources */ = {isa = PBXBuildFile; fileRef = E5175C2D1A1AC66C00B72C9C /* AppDelegate.m */; };
		E5175C311A1AC66C00B72C9C /* ProlificLibrary.xcdatamodeld in Sources */ = {isa = PBXBuildFile; fileRef = E5175C2F1A1AC66C00B72C9C /* ProlificLibrary.xcdatamodeld */; };
		E5175C341A1AC66C00B72C9C /* ViewController.m in Sources */ = {isa = PBXBuildFile; fileRef = E5175C331A1AC66C00B72C9C /* ViewController.m */; };
		E5175C371A1AC66C00B72C9C /* Main.storyboard in Resources */ = {isa = PBXBuildFile; fileRef = E5175C351A1AC66C00B72C9C /* Main.storyboard */; };
		E5175C391A1AC66C00B72C9C /* Images.xcassets in Resources */ = {isa = PBXBuildFile; fileRef = E5175C381A1AC66C00B72C9C /* Images.xcassets */; };
		E5175C3C1A1AC66C00B72C9C /* LaunchScreen.xib in Resources */ = {isa = PBXBuildFile; fileRef = E5175C3A1A1AC66C00B72C9C /* LaunchScreen.xib */; };
		E5175C481A1AC66C00B72C9C /* ProlificLibraryTests.m in Sources */ = {isa = PBXBuildFile; fileRef = E5175C471A1AC66C00B72C9C /* ProlificLibraryTests.m */; };
		E5175C561A1ACE9900B72C9C /* DetailViewController.m in Sources */ = {isa = PBXBuildFile; fileRef = E5175C551A1ACE9900B72C9C /* DetailViewController.m */; };
		E5175C591A1ACF4E00B72C9C /* AddViewController.m in Sources */ = {isa = PBXBuildFile; fileRef = E5175C581A1ACF4E00B72C9C /* AddViewController.m */; };
		E5175C5D1A1AF1BA00B72C9C /* WebServiceCalls.m in Sources */ = {isa = PBXBuildFile; fileRef = E5175C5C1A1AF1BA00B72C9C /* WebServiceCalls.m */; };
		E5175C621A1AF75600B72C9C /* Utils.m in Sources */ = {isa = PBXBuildFile; fileRef = E5175C611A1AF75600B72C9C /* Utils.m */; };
/* End PBXBuildFile section */

/* Begin PBXContainerItemProxy section */
		E5175C421A1AC66C00B72C9C /* PBXContainerItemProxy */ = {
			isa = PBXContainerItemProxy;
			containerPortal = E5175C1D1A1AC66C00B72C9C /* Project object */;
			proxyType = 1;
			remoteGlobalIDString = E5175C241A1AC66C00B72C9C;
			remoteInfo = ProlificLibrary;
		};
/* End PBXContainerItemProxy section */

/* Begin PBXFileReference section */
		E5175C251A1AC66C00B72C9C /* ProlificLibrary.app */ = {isa = PBXFileReference; explicitFileType = wrapper.application; includeInIndex = 0; path = ProlificLibrary.app; sourceTree = BUILT_PRODUCTS_DIR; };
		E5175C291A1AC66C00B72C9C /* Info.plist */ = {isa = PBXFileReference; lastKnownFileType = text.plist.xml; path = Info.plist; sourceTree = "<group>"; };
		E5175C2A1A1AC66C00B72C9C /* main.m */ = {isa = PBXFileReference; lastKnownFileType = sourcecode.c.objc; path = main.m; sourceTree = "<group>"; };
		E5175C2C1A1AC66C00B72C9C /* AppDelegate.h */ = {isa = PBXFileReference; lastKnownFileType = sourcecode.c.h; path = AppDelegate.h; sourceTree = "<group>"; };
		E5175C2D1A1AC66C00B72C9C /* AppDelegate.m */ = {isa = PBXFileReference; lastKnownFileType = sourcecode.c.objc; path = AppDelegate.m; sourceTree = "<group>"; };
		E5175C301A1AC66C00B72C9C /* ProlificLibrary.xcdatamodel */ = {isa = PBXFileReference; lastKnownFileType = wrapper.xcdatamodel; path = ProlificLibrary.xcdatamodel; sourceTree = "<group>"; };
		E5175C321A1AC66C00B72C9C /* ViewController.h */ = {isa = PBXFileReference; lastKnownFileType = sourcecode.c.h; path = ViewController.h; sourceTree = "<group>"; };
		E5175C331A1AC66C00B72C9C /* ViewController.m */ = {isa = PBXFileReference; lastKnownFileType = sourcecode.c.objc; path = ViewController.m; sourceTree = "<group>"; };
		E5175C361A1AC66C00B72C9C /* Base */ = {isa = PBXFileReference; lastKnownFileType = file.storyboard; name = Base; path = Base.lproj/Main.storyboard; sourceTree = "<group>"; };
		E5175C381A1AC66C00B72C9C /* Images.xcassets */ = {isa = PBXFileReference; lastKnownFileType = folder.assetcatalog; path = Images.xcassets; sourceTree = "<group>"; };
		E5175C3B1A1AC66C00B72C9C /* Base */ = {isa = PBXFileReference; lastKnownFileType = file.xib; name = Base; path = Base.lproj/LaunchScreen.xib; sourceTree = "<group>"; };
		E5175C411A1AC66C00B72C9C /* ProlificLibraryTests.xctest */ = {isa = PBXFileReference; explicitFileType = wrapper.cfbundle; includeInIndex = 0; path = ProlificLibraryTests.xctest; sourceTree = BUILT_PRODUCTS_DIR; };
		E5175C461A1AC66C00B72C9C /* Info.plist */ = {isa = PBXFileReference; lastKnownFileType = text.plist.xml; path = Info.plist; sourceTree = "<group>"; };
		E5175C471A1AC66C00B72C9C /* ProlificLibraryTests.m */ = {isa = PBXFileReference; lastKnownFileType = sourcecode.c.objc; path = ProlificLibraryTests.m; sourceTree = "<group>"; };
		E5175C541A1ACE9900B72C9C /* DetailViewController.h */ = {isa = PBXFileReference; fileEncoding = 4; lastKnownFileType = sourcecode.c.h; name = DetailViewController.h; path = ../DetailViewController.h; sourceTree = "<group>"; };
		E5175C551A1ACE9900B72C9C /* DetailViewController.m */ = {isa = PBXFileReference; fileEncoding = 4; lastKnownFileType = sourcecode.c.objc; name = DetailViewController.m; path = ../DetailViewController.m; sourceTree = "<group>"; };
		E5175C571A1ACF4E00B72C9C /* AddViewController.h */ = {isa = PBXFileReference; fileEncoding = 4; lastKnownFileType = sourcecode.c.h; path = AddViewController.h; sourceTree = "<group>"; };
		E5175C581A1ACF4E00B72C9C /* AddViewController.m */ = {isa = PBXFileReference; fileEncoding = 4; lastKnownFileType = sourcecode.c.objc; path = AddViewController.m; sourceTree = "<group>"; };
		E5175C5A1A1AEFD000B72C9C /* Constant.h */ = {isa = PBXFileReference; fileEncoding = 4; lastKnownFileType = sourcecode.c.h; path = Constant.h; sourceTree = "<group>"; };
		E5175C5B1A1AF1BA00B72C9C /* WebServiceCalls.h */ = {isa = PBXFileReference; fileEncoding = 4; lastKnownFileType = sourcecode.c.h; path = WebServiceCalls.h; sourceTree = "<group>"; };
		E5175C5C1A1AF1BA00B72C9C /* WebServiceCalls.m */ = {isa = PBXFileReference; fileEncoding = 4; lastKnownFileType = sourcecode.c.objc; path = WebServiceCalls.m; sourceTree = "<group>"; };
		E5175C601A1AF75600B72C9C /* Utils.h */ = {isa = PBXFileReference; fileEncoding = 4; lastKnownFileType = sourcecode.c.h; path = Utils.h; sourceTree = "<group>"; };
		E5175C611A1AF75600B72C9C /* Utils.m */ = {isa = PBXFileReference; fileEncoding = 4; lastKnownFileType = sourcecode.c.objc; path = Utils.m; sourceTree = "<group>"; };
		E524ECA51A1C0B6700D626E5 /* Social.framework */ = {isa = PBXFileReference; lastKnownFileType = wrapper.framework; name = Social.framework; path = System/Library/Frameworks/Social.framework; sourceTree = SDKROOT; };
/* End PBXFileReference section */

/* Begin PBXFrameworksBuildPhase section */
		E5175C221A1AC66C00B72C9C /* Frameworks */ = {
			isa = PBXFrameworksBuildPhase;
			buildActionMask = 2147483647;
			files = (
			);
			runOnlyForDeploymentPostprocessing = 0;
		};
		E5175C3E1A1AC66C00B72C9C /* Frameworks */ = {
			isa = PBXFrameworksBuildPhase;
			buildActionMask = 2147483647;
			files = (
			);
			runOnlyForDeploymentPostprocessing = 0;
		};
/* End PBXFrameworksBuildPhase section */

/* Begin PBXGroup section */
		E5175C1C1A1AC66C00B72C9C = {
			isa = PBXGroup;
			children = (
				E5175C271A1AC66C00B72C9C /* ProlificLibrary */,
				E5175C441A1AC66C00B72C9C /* ProlificLibraryTests */,
				E5175C261A1AC66C00B72C9C /* Products */,
			);
			sourceTree = "<group>";
		};
		E5175C261A1AC66C00B72C9C /* Products */ = {
			isa = PBXGroup;
			children = (
				E5175C251A1AC66C00B72C9C /* ProlificLibrary.app */,
				E5175C411A1AC66C00B72C9C /* ProlificLibraryTests.xctest */,
			);
			name = Products;
			sourceTree = "<group>";
		};
		E5175C271A1AC66C00B72C9C /* ProlificLibrary */ = {
			isa = PBXGroup;
			children = (
				E5175C2C1A1AC66C00B72C9C /* AppDelegate.h */,
				E5175C2D1A1AC66C00B72C9C /* AppDelegate.m */,
				E524ECA71A1C2FEC00D626E5 /* class */,
				E5175C5F1A1AF1DA00B72C9C /* Command */,
				E5175C5E1A1AF1C600B72C9C /* Util */,
				E5175C351A1AC66C00B72C9C /* Main.storyboard */,
				E5175C381A1AC66C00B72C9C /* Images.xcassets */,
				E5175C3A1A1AC66C00B72C9C /* LaunchScreen.xib */,
				E5175C2F1A1AC66C00B72C9C /* ProlificLibrary.xcdatamodeld */,
				E524ECA51A1C0B6700D626E5 /* Social.framework */,
				E5175C281A1AC66C00B72C9C /* Supporting Files */,
			);
			path = ProlificLibrary;
			sourceTree = "<group>";
		};
		E5175C281A1AC66C00B72C9C /* Supporting Files */ = {
			isa = PBXGroup;
			children = (
				E5175C291A1AC66C00B72C9C /* Info.plist */,
				E5175C2A1A1AC66C00B72C9C /* main.m */,
			);
			name = "Supporting Files";
			sourceTree = "<group>";
		};
		E5175C441A1AC66C00B72C9C /* ProlificLibraryTests */ = {
			isa = PBXGroup;
			children = (
				E5175C471A1AC66C00B72C9C /* ProlificLibraryTests.m */,
				E5175C451A1AC66C00B72C9C /* Supporting Files */,
			);
			path = ProlificLibraryTests;
			sourceTree = "<group>";
		};
		E5175C451A1AC66C00B72C9C /* Supporting Files */ = {
			isa = PBXGroup;
			children = (
				E5175C461A1AC66C00B72C9C /* Info.plist */,
			);
			name = "Supporting Files";
			sourceTree = "<group>";
		};
		E5175C5E1A1AF1C600B72C9C /* Util */ = {
			isa = PBXGroup;
			children = (
				E5175C5A1A1AEFD000B72C9C /* Constant.h */,
				E5175C601A1AF75600B72C9C /* Utils.h */,
				E5175C611A1AF75600B72C9C /* Utils.m */,
			);
			name = Util;
			sourceTree = "<group>";
		};
		E5175C5F1A1AF1DA00B72C9C /* Command */ = {
			isa = PBXGroup;
			children = (
				E5175C5B1A1AF1BA00B72C9C /* WebServiceCalls.h */,
				E5175C5C1A1AF1BA00B72C9C /* WebServiceCalls.m */,
			);
			name = Command;
			sourceTree = "<group>";
		};
		E524ECA71A1C2FEC00D626E5 /* class */ = {
			isa = PBXGroup;
			children = (
				E5175C321A1AC66C00B72C9C /* ViewController.h */,
				E5175C331A1AC66C00B72C9C /* ViewController.m */,
				E5175C541A1ACE9900B72C9C /* DetailViewController.h */,
				E5175C551A1ACE9900B72C9C /* DetailViewController.m */,
				E5175C571A1ACF4E00B72C9C /* AddViewController.h */,
				E5175C581A1ACF4E00B72C9C /* AddViewController.m */,
			);
			name = class;
			sourceTree = "<group>";
		};
/* End PBXGroup section */

/* Begin PBXNativeTarget section */
		E5175C241A1AC66C00B72C9C /* ProlificLibrary */ = {
			isa = PBXNativeTarget;
			buildConfigurationList = E5175C4B1A1AC66C00B72C9C /* Build configuration list for PBXNativeTarget "ProlificLibrary" */;
			buildPhases = (
				E5175C211A1AC66C00B72C9C /* Sources */,
				E5175C221A1AC66C00B72C9C /* Frameworks */,
				E5175C231A1AC66C00B72C9C /* Resources */,
			);
			buildRules = (
			);
			dependencies = (
			);
			name = ProlificLibrary;
			productName = ProlificLibrary;
			productReference = E5175C251A1AC66C00B72C9C /* ProlificLibrary.app */;
			productType = "com.apple.product-type.application";
		};
		E5175C401A1AC66C00B72C9C /* ProlificLibraryTests */ = {
			isa = PBXNativeTarget;
			buildConfigurationList = E5175C4E1A1AC66C00B72C9C /* Build configuration list for PBXNativeTarget "ProlificLibraryTests" */;
			buildPhases = (
				E5175C3D1A1AC66C00B72C9C /* Sources */,
				E5175C3E1A1AC66C00B72C9C /* Frameworks */,
				E5175C3F1A1AC66C00B72C9C /* Resources */,
			);
			buildRules = (
			);
			dependencies = (
				E5175C431A1AC66C00B72C9C /* PBXTargetDependency */,
			);
			name = ProlificLibraryTests;
			productName = ProlificLibraryTests;
			productReference = E5175C411A1AC66C00B72C9C /* ProlificLibraryTests.xctest */;
			productType = "com.apple.product-type.bundle.unit-test";
		};
/* End PBXNativeTarget section */

/* Begin PBXProject section */
		E5175C1D1A1AC66C00B72C9C /* Project object */ = {
			isa = PBXProject;
			attributes = {
				LastUpgradeCheck = 0610;
				ORGANIZATIONNAME = Columbia;
				TargetAttributes = {
					E5175C241A1AC66C00B72C9C = {
						CreatedOnToolsVersion = 6.1;
					};
					E5175C401A1AC66C00B72C9C = {
						CreatedOnToolsVersion = 6.1;
						TestTargetID = E5175C241A1AC66C00B72C9C;
					};
				};
			};
			buildConfigurationList = E5175C201A1AC66C00B72C9C /* Build configuration list for PBXProject "ProlificLibrary" */;
			compatibilityVersion = "Xcode 3.2";
			developmentRegion = English;
			hasScannedForEncodings = 0;
			knownRegions = (
				en,
				Base,
			);
			mainGroup = E5175C1C1A1AC66C00B72C9C;
			productRefGroup = E5175C261A1AC66C00B72C9C /* Products */;
			projectDirPath = "";
			projectRoot = "";
			targets = (
				E5175C241A1AC66C00B72C9C /* ProlificLibrary */,
				E5175C401A1AC66C00B72C9C /* ProlificLibraryTests */,
			);
		};
/* End PBXProject section */

/* Begin PBXResourcesBuildPhase section */
		E5175C231A1AC66C00B72C9C /* Resources */ = {
			isa = PBXResourcesBuildPhase;
			buildActionMask = 2147483647;
			files = (
				E5175C371A1AC66C00B72C9C /* Main.storyboard in Resources */,
				E5175C3C1A1AC66C00B72C9C /* LaunchScreen.xib in Resources */,
				E5175C391A1AC66C00B72C9C /* Images.xcassets in Resources */,
			);
			runOnlyForDeploymentPostprocessing = 0;
		};
		E5175C3F1A1AC66C00B72C9C /* Resources */ = {
			isa = PBXResourcesBuildPhase;
			buildActionMask = 2147483647;
			files = (
			);
			runOnlyForDeploymentPostprocessing = 0;
		};
/* End PBXResourcesBuildPhase section */

/* Begin PBXSourcesBuildPhase section */
		E5175C211A1AC66C00B72C9C /* Sources */ = {
			isa = PBXSourcesBuildPhase;
			buildActionMask = 2147483647;
			files = (
				E5175C5D1A1AF1BA00B72C9C /* WebServiceCalls.m in Sources */,
				E5175C561A1ACE9900B72C9C /* DetailViewController.m in Sources */,
				E5175C2E1A1AC66C00B72C9C /* AppDelegate.m in Sources */,
				E5175C621A1AF75600B72C9C /* Utils.m in Sources */,
				E5175C591A1ACF4E00B72C9C /* AddViewController.m in Sources */,
				E5175C311A1AC66C00B72C9C /* ProlificLibrary.xcdatamodeld in Sources */,
				E5175C341A1AC66C00B72C9C /* ViewController.m in Sources */,
				E5175C2B1A1AC66C00B72C9C /* main.m in Sources */,
			);
			runOnlyForDeploymentPostprocessing = 0;
		};
		E5175C3D1A1AC66C00B72C9C /* Sources */ = {
			isa = PBXSourcesBuildPhase;
			buildActionMask = 2147483647;
			files = (
				E5175C481A1AC66C00B72C9C /* ProlificLibraryTests.m in Sources */,
			);
			runOnlyForDeploymentPostprocessing = 0;
		};
/* End PBXSourcesBuildPhase section */

/* Begin PBXTargetDependency section */
		E5175C431A1AC66C00B72C9C /* PBXTargetDependency */ = {
			isa = PBXTargetDependency;
			target = E5175C241A1AC66C00B72C9C /* ProlificLibrary */;
			targetProxy = E5175C421A1AC66C00B72C9C /* PBXContainerItemProxy */;
		};
/* End PBXTargetDependency section */

/* Begin PBXVariantGroup section */
		E5175C351A1AC66C00B72C9C /* Main.storyboard */ = {
			isa = PBXVariantGroup;
			children = (
				E5175C361A1AC66C00B72C9C /* Base */,
			);
			name = Main.storyboard;
			sourceTree = "<group>";
		};
		E5175C3A1A1AC66C00B72C9C /* LaunchScreen.xib */ = {
			isa = PBXVariantGroup;
			children = (
				E5175C3B1A1AC66C00B72C9C /* Base */,
			);
			name = LaunchScreen.xib;
			sourceTree = "<group>";
		};
/* End PBXVariantGroup section */

/* Begin XCBuildConfiguration section */
		E5175C491A1AC66C00B72C9C /* Debug */ = {
			isa = XCBuildConfiguration;
			buildSettings = {
				ALWAYS_SEARCH_USER_PATHS = NO;
				CLANG_CXX_LANGUAGE_STANDARD = "gnu++0x";
				CLANG_CXX_LIBRARY = "libc++";
				CLANG_ENABLE_MODULES = YES;
				CLANG_ENABLE_OBJC_ARC = YES;
				CLANG_WARN_BOOL_CONVERSION = YES;
				CLANG_WARN_CONSTANT_CONVERSION = YES;
				CLANG_WARN_DIRECT_OBJC_ISA_USAGE = YES_ERROR;
				CLANG_WARN_EMPTY_BODY = YES;
				CLANG_WARN_ENUM_CONVERSION = YES;
				CLANG_WARN_INT_CONVERSION = YES;
				CLANG_WARN_OBJC_ROOT_CLASS = YES_ERROR;
				CLANG_WARN_UNREACHABLE_CODE = YES;
				CLANG_WARN__DUPLICATE_METHOD_MATCH = YES;
				"CODE_SIGN_IDENTITY[sdk=iphoneos*]" = "iPhone Developer";
				COPY_PHASE_STRIP = NO;
				ENABLE_STRICT_OBJC_MSGSEND = YES;
				GCC_C_LANGUAGE_STANDARD = gnu99;
				GCC_DYNAMIC_NO_PIC = NO;
				GCC_OPTIMIZATION_LEVEL = 0;
				GCC_PREPROCESSOR_DEFINITIONS = (
					"DEBUG=1",
					"$(inherited)",
				);
				GCC_SYMBOLS_PRIVATE_EXTERN = NO;
				GCC_WARN_64_TO_32_BIT_CONVERSION = YES;
				GCC_WARN_ABOUT_RETURN_TYPE = YES_ERROR;
				GCC_WARN_UNDECLARED_SELECTOR = YES;
				GCC_WARN_UNINITIALIZED_AUTOS = YES_AGGRESSIVE;
				GCC_WARN_UNUSED_FUNCTION = YES;
				GCC_WARN_UNUSED_VARIABLE = YES;
				IPHONEOS_DEPLOYMENT_TARGET = 8.1;
				MTL_ENABLE_DEBUG_INFO = YES;
				ONLY_ACTIVE_ARCH = YES;
				SDKROOT = iphoneos;
			};
			name = Debug;
		};
		E5175C4A1A1AC66C00B72C9C /* Release */ = {
			isa = XCBuildConfiguration;
			buildSettings = {
				ALWAYS_SEARCH_USER_PATHS = NO;
				CLANG_CXX_LANGUAGE_STANDARD = "gnu++0x";
				CLANG_CXX_LIBRARY = "libc++";
				CLANG_ENABLE_MODULES = YES;
				CLANG_ENABLE_OBJC_ARC = YES;
				CLANG_WARN_BOOL_CONVERSION = YES;
				CLANG_WARN_CONSTANT_CONVERSION = YES;
				CLANG_WARN_DIRECT_OBJC_ISA_USAGE = YES_ERROR;
				CLANG_WARN_EMPTY_BODY = YES;
				CLANG_WARN_ENUM_CONVERSION = YES;
				CLANG_WARN_INT_CONVERSION = YES;
				CLANG_WARN_OBJC_ROOT_CLASS = YES_ERROR;
				CLANG_WARN_UNREACHABLE_CODE = YES;
				CLANG_WARN__DUPLICATE_METHOD_MATCH = YES;
				"CODE_SIGN_IDENTITY[sdk=iphoneos*]" = "iPhone Developer";
				COPY_PHASE_STRIP = YES;
				ENABLE_NS_ASSERTIONS = NO;
				ENABLE_STRICT_OBJC_MSGSEND = YES;
				GCC_C_LANGUAGE_STANDARD = gnu99;
				GCC_WARN_64_TO_32_BIT_CONVERSION = YES;
				GCC_WARN_ABOUT_RETURN_TYPE = YES_ERROR;
				GCC_WARN_UNDECLARED_SELECTOR = YES;
				GCC_WARN_UNINITIALIZED_AUTOS = YES_AGGRESSIVE;
				GCC_WARN_UNUSED_FUNCTION = YES;
				GCC_WARN_UNUSED_VARIABLE = YES;
				IPHONEOS_DEPLOYMENT_TARGET = 8.1;
				MTL_ENABLE_DEBUG_INFO = NO;
				SDKROOT = iphoneos;
				VALIDATE_PRODUCT = YES;
			};
			name = Release;
		};
		E5175C4C1A1AC66C00B72C9C /* Debug */ = {
			isa = XCBuildConfiguration;
			buildSettings = {
				ASSETCATALOG_COMPILER_APPICON_NAME = AppIcon;
				INFOPLIST_FILE = ProlificLibrary/Info.plist;
				LD_RUNPATH_SEARCH_PATHS = "$(inherited) @executable_path/Frameworks";
				PRODUCT_NAME = "$(TARGET_NAME)";
			};
			name = Debug;
		};
		E5175C4D1A1AC66C00B72C9C /* Release */ = {
			isa = XCBuildConfiguration;
			buildSettings = {
				ASSETCATALOG_COMPILER_APPICON_NAME = AppIcon;
				INFOPLIST_FILE = ProlificLibrary/Info.plist;
				LD_RUNPATH_SEARCH_PATHS = "$(inherited) @executable_path/Frameworks";
				PRODUCT_NAME = "$(TARGET_NAME)";
			};
			name = Release;
		};
		E5175C4F1A1AC66C00B72C9C /* Debug */ = {
			isa = XCBuildConfiguration;
			buildSettings = {
				BUNDLE_LOADER = "$(TEST_HOST)";
				FRAMEWORK_SEARCH_PATHS = (
					"$(SDKROOT)/Developer/Library/Frameworks",
					"$(inherited)",
				);
				GCC_PREPROCESSOR_DEFINITIONS = (
					"DEBUG=1",
					"$(inherited)",
				);
				INFOPLIST_FILE = ProlificLibraryTests/Info.plist;
				LD_RUNPATH_SEARCH_PATHS = "$(inherited) @executable_path/Frameworks @loader_path/Frameworks";
				PRODUCT_NAME = "$(TARGET_NAME)";
				TEST_HOST = "$(BUILT_PRODUCTS_DIR)/ProlificLibrary.app/ProlificLibrary";
			};
			name = Debug;
		};
		E5175C501A1AC66C00B72C9C /* Release */ = {
			isa = XCBuildConfiguration;
			buildSettings = {
				BUNDLE_LOADER = "$(TEST_HOST)";
				FRAMEWORK_SEARCH_PATHS = (
					"$(SDKROOT)/Developer/Library/Frameworks",
					"$(inherited)",
				);
				INFOPLIST_FILE = ProlificLibraryTests/Info.plist;
				LD_RUNPATH_SEARCH_PATHS = "$(inherited) @executable_path/Frameworks @loader_path/Frameworks";
				PRODUCT_NAME = "$(TARGET_NAME)";
				TEST_HOST = "$(BUILT_PRODUCTS_DIR)/ProlificLibrary.app/ProlificLibrary";
			};
			name = Release;
		};
/* End XCBuildConfiguration section */

/* Begin XCConfigurationList section */
		E5175C201A1AC66C00B72C9C /* Build configuration list for PBXProject "ProlificLibrary" */ = {
			isa = XCConfigurationList;
			buildConfigurations = (
				E5175C491A1AC66C00B72C9C /* Debug */,
				E5175C4A1A1AC66C00B72C9C /* Release */,
			);
			defaultConfigurationIsVisible = 0;
			defaultConfigurationName = Release;
		};
		E5175C4B1A1AC66C00B72C9C /* Build configuration list for PBXNativeTarget "ProlificLibrary" */ = {
			isa = XCConfigurationList;
			buildConfigurations = (
				E5175C4C1A1AC66C00B72C9C /* Debug */,
				E5175C4D1A1AC66C00B72C9C /* Release */,
			);
			defaultConfigurationIsVisible = 0;
			defaultConfigurationName = Release;
		};
		E5175C4E1A1AC66C00B72C9C /* Build configuration list for PBXNativeTarget "ProlificLibraryTests" */ = {
			isa = XCConfigurationList;
			buildConfigurations = (
				E5175C4F1A1AC66C00B72C9C /* Debug */,
				E5175C501A1AC66C00B72C9C /* Release */,
			);
			defaultConfigurationIsVisible = 0;
			defaultConfigurationName = Release;
		};
/* End XCConfigurationList section */

/* Begin XCVersionGroup section */
		E5175C2F1A1AC66C00B72C9C /* ProlificLibrary.xcdatamodeld */ = {
			isa = XCVersionGroup;
			children = (
				E5175C301A1AC66C00B72C9C /* ProlificLibrary.xcdatamodel */,
			);
			currentVersion = E5175C301A1AC66C00B72C9C /* ProlificLibrary.xcdatamodel */;
			path = ProlificLibrary.xcdatamodeld;
			sourceTree = "<group>";
			versionGroupType = wrapper.xcdatamodel;
		};
/* End XCVersionGroup section */
	};
	rootObject = E5175C1D1A1AC66C00B72C9C /* Project object */;
}
